
Microsoft Visual Studio Solution File, Format Version 12.00
# Visual Studio Version 16
VisualStudioVersion = 16.0.30011.22
MinimumVisualStudioVersion = 10.0.40219.1
Project("{FAE04EC0-301F-11D3-BF4B-00C04F79EFBC}") = "helloworld", "helloworld.csproj", "{71B6F286-40B9-40E1-8414-0BD550DB40C1}"
EndProject
Global
	GlobalSection(SolutionConfigurationPlatforms) = preSolution
		Debug|Any CPU = Debug|Any CPU
		Release|Any CPU = Release|Any CPU
	EndGlobalSection
	GlobalSection(ProjectConfigurationPlatforms) = postSolution
		{71B6F286-40B9-40E1-8414-0BD550DB40C1}.Debug|Any CPU.ActiveCfg = Debug|Any CPU
		{71B6F286-40B9-40E1-8414-0BD550DB40C1}.Debug|Any CPU.Build.0 = Debug|Any CPU
		{71B6F286-40B9-40E1-8414-0BD550DB40C1}.Release|Any CPU.ActiveCfg = Release|Any CPU
		{71B6F286-40B9-40E1-8414-0BD550DB40C1}.Release|Any CPU.Build.0 = Release|Any CPU
	EndGlobalSection
	GlobalSection(SolutionProperties) = preSolution
		HideSolutionNode = FALSE
	EndGlobalSection
	GlobalSection(ExtensibilityGlobals) = postSolution
		SolutionGuid = {FCF69301-CA49-4E9D-AD08-4133DAFF7417}
	EndGlobalSection
EndGlobal
