
Microsoft Visual Studio Solution File, Format Version 12.00
# Visual Studio Version 16
VisualStudioVersion = 16.0.30011.22
MinimumVisualStudioVersion = 10.0.40219.1
Project("{FAE04EC0-301F-11D3-BF4B-00C04F79EFBC}") = "helloworld", "helloworld.csproj", "{750EC8C9-6473-4411-9349-708FB78F2964}"
EndProject
Global
	GlobalSection(SolutionConfigurationPlatforms) = preSolution
		Debug|Any CPU = Debug|Any CPU
		Release|Any CPU = Release|Any CPU
	EndGlobalSection
	GlobalSection(ProjectConfigurationPlatforms) = postSolution
		{750EC8C9-6473-4411-9349-708FB78F2964}.Debug|Any CPU.ActiveCfg = Debug|Any CPU
		{750EC8C9-6473-4411-9349-708FB78F2964}.Debug|Any CPU.Build.0 = Debug|Any CPU
		{750EC8C9-6473-4411-9349-708FB78F2964}.Release|Any CPU.ActiveCfg = Release|Any CPU
		{750EC8C9-6473-4411-9349-708FB78F2964}.Release|Any CPU.Build.0 = Release|Any CPU
	EndGlobalSection
	GlobalSection(SolutionProperties) = preSolution
		HideSolutionNode = FALSE
	EndGlobalSection
	GlobalSection(ExtensibilityGlobals) = postSolution
		SolutionGuid = {26FA8911-74D3-460A-A276-E1306D94C2FE}
	EndGlobalSection
EndGlobal
